
Microsoft Visual Studio Solution File, Format Version 12.00
# Visual Studio Version 17
VisualStudioVersion = 17.0.31912.275
MinimumVisualStudioVersion = 10.0.40219.1
Project("{FAE04EC0-301F-11D3-BF4B-00C04F79EFBC}") = "StorMi", "StorMi\StorMi.csproj", "{9862223B-5C1E-4B91-8E57-91C27FF7E03B}"
EndProject
Global
	GlobalSection(SolutionConfigurationPlatforms) = preSolution
		Debug|Any CPU = Debug|Any CPU
		Release|Any CPU = Release|Any CPU
	EndGlobalSection
	GlobalSection(ProjectConfigurationPlatforms) = postSolution
		{9862223B-5C1E-4B91-8E57-91C27FF7E03B}.Debug|Any CPU.ActiveCfg = Debug|Any CPU
		{9862223B-5C1E-4B91-8E57-91C27FF7E03B}.Debug|Any CPU.Build.0 = Debug|Any CPU
		{9862223B-5C1E-4B91-8E57-91C27FF7E03B}.Release|Any CPU.ActiveCfg = Release|Any CPU
		{9862223B-5C1E-4B91-8E57-91C27FF7E03B}.Release|Any CPU.Build.0 = Release|Any CPU
	EndGlobalSection
	GlobalSection(SolutionProperties) = preSolution
		HideSolutionNode = FALSE
	EndGlobalSection
	GlobalSection(ExtensibilityGlobals) = postSolution
		SolutionGuid = {9DF74872-7A3B-4478-A83A-4A648A1C70FB}
	EndGlobalSection
EndGlobal
